
Microsoft Visual Studio Solution File, Format Version 12.00
# Visual Studio 15
VisualStudioVersion = 15.0.27130.2036
MinimumVisualStudioVersion = 10.0.40219.1
Project("{9A19103F-16F7-4668-BE54-9A1E7A4F7556}") = "netcore-opentracing-rabbitmq", "netcore-opentracing-rabbitmq\netcore-opentracing-rabbitmq.csproj", "{BE166DFD-55A7-4486-BBC8-183A0FDB287C}"
EndProject
Project("{FAE04EC0-301F-11D3-BF4B-00C04F79EFBC}") = "netcore-opentracing-rabbitmq-tests", "netcore-opentracing-rabbitmq-tests\netcore-opentracing-rabbitmq-tests.csproj", "{3DBFE009-5B16-4C59-AB95-E4978C96AC80}"
EndProject
Global
	GlobalSection(SolutionConfigurationPlatforms) = preSolution
		Debug|Any CPU = Debug|Any CPU
		Release|Any CPU = Release|Any CPU
	EndGlobalSection
	GlobalSection(ProjectConfigurationPlatforms) = postSolution
		{BE166DFD-55A7-4486-BBC8-183A0FDB287C}.Debug|Any CPU.ActiveCfg = Debug|Any CPU
		{BE166DFD-55A7-4486-BBC8-183A0FDB287C}.Debug|Any CPU.Build.0 = Debug|Any CPU
		{BE166DFD-55A7-4486-BBC8-183A0FDB287C}.Release|Any CPU.ActiveCfg = Release|Any CPU
		{BE166DFD-55A7-4486-BBC8-183A0FDB287C}.Release|Any CPU.Build.0 = Release|Any CPU
		{3DBFE009-5B16-4C59-AB95-E4978C96AC80}.Debug|Any CPU.ActiveCfg = Debug|Any CPU
		{3DBFE009-5B16-4C59-AB95-E4978C96AC80}.Debug|Any CPU.Build.0 = Debug|Any CPU
		{3DBFE009-5B16-4C59-AB95-E4978C96AC80}.Release|Any CPU.ActiveCfg = Release|Any CPU
		{3DBFE009-5B16-4C59-AB95-E4978C96AC80}.Release|Any CPU.Build.0 = Release|Any CPU
	EndGlobalSection
	GlobalSection(SolutionProperties) = preSolution
		HideSolutionNode = FALSE
	EndGlobalSection
	GlobalSection(ExtensibilityGlobals) = postSolution
		SolutionGuid = {C99EBF3B-C456-41AF-8855-F6F511D75143}
	EndGlobalSection
EndGlobal
